
Microsoft Visual Studio Solution File, Format Version 12.00
# Visual Studio Version 16
VisualStudioVersion = 16.0.32901.82
MinimumVisualStudioVersion = 10.0.40219.1
Project("{FAE04EC0-301F-11D3-BF4B-00C04F79EFBC}") = "ConsoleApp1", "ConsoleApp1\ConsoleApp1.csproj", "{00C765FE-CECB-49CE-AAD2-35043D0F2892}"
EndProject
Global
	GlobalSection(SolutionConfigurationPlatforms) = preSolution
		Debug|Any CPU = Debug|Any CPU
		Release|Any CPU = Release|Any CPU
	EndGlobalSection
	GlobalSection(ProjectConfigurationPlatforms) = postSolution
		{00C765FE-CECB-49CE-AAD2-35043D0F2892}.Debug|Any CPU.ActiveCfg = Debug|Any CPU
		{00C765FE-CECB-49CE-AAD2-35043D0F2892}.Debug|Any CPU.Build.0 = Debug|Any CPU
		{00C765FE-CECB-49CE-AAD2-35043D0F2892}.Release|Any CPU.ActiveCfg = Release|Any CPU
		{00C765FE-CECB-49CE-AAD2-35043D0F2892}.Release|Any CPU.Build.0 = Release|Any CPU
	EndGlobalSection
	GlobalSection(SolutionProperties) = preSolution
		HideSolutionNode = FALSE
	EndGlobalSection
	GlobalSection(ExtensibilityGlobals) = postSolution
		SolutionGuid = {DA71F0F2-2313-48FD-AD1E-D70C3F9F82FF}
	EndGlobalSection
EndGlobal
