
Microsoft Visual Studio Solution File, Format Version 12.00
# Visual Studio Version 16
VisualStudioVersion = 16.0.32901.82
MinimumVisualStudioVersion = 10.0.40219.1
Project("{FAE04EC0-301F-11D3-BF4B-00C04F79EFBC}") = "ConsoleApp1", "ConsoleApp1\ConsoleApp1.csproj", "{496CA803-E4B1-4779-BEB1-88B0ED4F632A}"
EndProject
Global
	GlobalSection(SolutionConfigurationPlatforms) = preSolution
		Debug|Any CPU = Debug|Any CPU
		Release|Any CPU = Release|Any CPU
	EndGlobalSection
	GlobalSection(ProjectConfigurationPlatforms) = postSolution
		{496CA803-E4B1-4779-BEB1-88B0ED4F632A}.Debug|Any CPU.ActiveCfg = Debug|Any CPU
		{496CA803-E4B1-4779-BEB1-88B0ED4F632A}.Debug|Any CPU.Build.0 = Debug|Any CPU
		{496CA803-E4B1-4779-BEB1-88B0ED4F632A}.Release|Any CPU.ActiveCfg = Release|Any CPU
		{496CA803-E4B1-4779-BEB1-88B0ED4F632A}.Release|Any CPU.Build.0 = Release|Any CPU
	EndGlobalSection
	GlobalSection(SolutionProperties) = preSolution
		HideSolutionNode = FALSE
	EndGlobalSection
	GlobalSection(ExtensibilityGlobals) = postSolution
		SolutionGuid = {F764D5F2-A8ED-4CBD-B7C5-855AD5C1428D}
	EndGlobalSection
EndGlobal
