
Microsoft Visual Studio Solution File, Format Version 12.00
# Visual Studio Version 16
VisualStudioVersion = 16.0.32901.82
MinimumVisualStudioVersion = 10.0.40219.1
Project("{FAE04EC0-301F-11D3-BF4B-00C04F79EFBC}") = "ConsoleApp1", "ConsoleApp1\ConsoleApp1.csproj", "{E547C242-7211-40C8-A7B8-AA4A4C01862B}"
EndProject
Global
	GlobalSection(SolutionConfigurationPlatforms) = preSolution
		Debug|Any CPU = Debug|Any CPU
		Release|Any CPU = Release|Any CPU
	EndGlobalSection
	GlobalSection(ProjectConfigurationPlatforms) = postSolution
		{E547C242-7211-40C8-A7B8-AA4A4C01862B}.Debug|Any CPU.ActiveCfg = Debug|Any CPU
		{E547C242-7211-40C8-A7B8-AA4A4C01862B}.Debug|Any CPU.Build.0 = Debug|Any CPU
		{E547C242-7211-40C8-A7B8-AA4A4C01862B}.Release|Any CPU.ActiveCfg = Release|Any CPU
		{E547C242-7211-40C8-A7B8-AA4A4C01862B}.Release|Any CPU.Build.0 = Release|Any CPU
	EndGlobalSection
	GlobalSection(SolutionProperties) = preSolution
		HideSolutionNode = FALSE
	EndGlobalSection
	GlobalSection(ExtensibilityGlobals) = postSolution
		SolutionGuid = {B069A931-A449-4967-BE66-6149F71A171B}
	EndGlobalSection
EndGlobal
