
Microsoft Visual Studio Solution File, Format Version 12.00
# Visual Studio Version 16
VisualStudioVersion = 16.0.32901.82
MinimumVisualStudioVersion = 10.0.40219.1
Project("{FAE04EC0-301F-11D3-BF4B-00C04F79EFBC}") = "MessageBoxW_DInvoke", "MessageBoxW_DIvoke\MessageBoxW_DInvoke.csproj", "{7E63375F-EC69-4F66-9059-2612F593B832}"
EndProject
Global
	GlobalSection(SolutionConfigurationPlatforms) = preSolution
		Debug|Any CPU = Debug|Any CPU
		Release|Any CPU = Release|Any CPU
	EndGlobalSection
	GlobalSection(ProjectConfigurationPlatforms) = postSolution
		{7E63375F-EC69-4F66-9059-2612F593B832}.Debug|Any CPU.ActiveCfg = Debug|Any CPU
		{7E63375F-EC69-4F66-9059-2612F593B832}.Debug|Any CPU.Build.0 = Debug|Any CPU
		{7E63375F-EC69-4F66-9059-2612F593B832}.Release|Any CPU.ActiveCfg = Release|Any CPU
		{7E63375F-EC69-4F66-9059-2612F593B832}.Release|Any CPU.Build.0 = Release|Any CPU
	EndGlobalSection
	GlobalSection(SolutionProperties) = preSolution
		HideSolutionNode = FALSE
	EndGlobalSection
	GlobalSection(ExtensibilityGlobals) = postSolution
		SolutionGuid = {A4B0510A-B07C-41DF-9BF1-02AB731F8055}
	EndGlobalSection
EndGlobal
