
Microsoft Visual Studio Solution File, Format Version 12.00
# Visual Studio Version 16
VisualStudioVersion = 16.0.32901.82
MinimumVisualStudioVersion = 10.0.40219.1
Project("{FAE04EC0-301F-11D3-BF4B-00C04F79EFBC}") = "ConsoleApp1", "ConsoleApp1\ConsoleApp1.csproj", "{AE5E18A3-DEB0-4B13-BF3D-4F93603ACD4F}"
EndProject
Global
	GlobalSection(SolutionConfigurationPlatforms) = preSolution
		Debug|Any CPU = Debug|Any CPU
		Release|Any CPU = Release|Any CPU
	EndGlobalSection
	GlobalSection(ProjectConfigurationPlatforms) = postSolution
		{AE5E18A3-DEB0-4B13-BF3D-4F93603ACD4F}.Debug|Any CPU.ActiveCfg = Debug|Any CPU
		{AE5E18A3-DEB0-4B13-BF3D-4F93603ACD4F}.Debug|Any CPU.Build.0 = Debug|Any CPU
		{AE5E18A3-DEB0-4B13-BF3D-4F93603ACD4F}.Release|Any CPU.ActiveCfg = Release|Any CPU
		{AE5E18A3-DEB0-4B13-BF3D-4F93603ACD4F}.Release|Any CPU.Build.0 = Release|Any CPU
	EndGlobalSection
	GlobalSection(SolutionProperties) = preSolution
		HideSolutionNode = FALSE
	EndGlobalSection
	GlobalSection(ExtensibilityGlobals) = postSolution
		SolutionGuid = {9272565D-ED9D-436B-AE85-CAECC0D40724}
	EndGlobalSection
EndGlobal
